
Microsoft Visual Studio Solution File, Format Version 12.00
# Visual Studio 15
VisualStudioVersion = 15.0.28010.2046
MinimumVisualStudioVersion = 10.0.40219.1
Project("{FAE04EC0-301F-11D3-BF4B-00C04F79EFBC}") = "CurriculumOutlineSearch.WebCrawler", "CurriculumOutlineSearch.WebCrawler\CurriculumOutlineSearch.WebCrawler.csproj", "{C4853DE2-56B0-412A-BA95-A90D860B94EE}"
EndProject
Project("{FAE04EC0-301F-11D3-BF4B-00C04F79EFBC}") = "CurriculumOutlineSearch.Models", "CurriculumOutlineSearch.Models\CurriculumOutlineSearch.Models.csproj", "{F3E1A11F-58EA-4C1C-BCEB-4725FEB81B70}"
EndProject
Project("{FAE04EC0-301F-11D3-BF4B-00C04F79EFBC}") = "CurriculumOutlineSearch.InsertDB", "CurriculumOutlineSearch.InsertDB\CurriculumOutlineSearch.InsertDB.csproj", "{811B4C06-19C6-4734-B116-DD805CA837F6}"
EndProject
Global
	GlobalSection(SolutionConfigurationPlatforms) = preSolution
		Debug|Any CPU = Debug|Any CPU
		Release|Any CPU = Release|Any CPU
	EndGlobalSection
	GlobalSection(ProjectConfigurationPlatforms) = postSolution
		{C4853DE2-56B0-412A-BA95-A90D860B94EE}.Debug|Any CPU.ActiveCfg = Debug|Any CPU
		{C4853DE2-56B0-412A-BA95-A90D860B94EE}.Debug|Any CPU.Build.0 = Debug|Any CPU
		{C4853DE2-56B0-412A-BA95-A90D860B94EE}.Release|Any CPU.ActiveCfg = Release|Any CPU
		{C4853DE2-56B0-412A-BA95-A90D860B94EE}.Release|Any CPU.Build.0 = Release|Any CPU
		{F3E1A11F-58EA-4C1C-BCEB-4725FEB81B70}.Debug|Any CPU.ActiveCfg = Debug|Any CPU
		{F3E1A11F-58EA-4C1C-BCEB-4725FEB81B70}.Debug|Any CPU.Build.0 = Debug|Any CPU
		{F3E1A11F-58EA-4C1C-BCEB-4725FEB81B70}.Release|Any CPU.ActiveCfg = Release|Any CPU
		{F3E1A11F-58EA-4C1C-BCEB-4725FEB81B70}.Release|Any CPU.Build.0 = Release|Any CPU
		{811B4C06-19C6-4734-B116-DD805CA837F6}.Debug|Any CPU.ActiveCfg = Debug|Any CPU
		{811B4C06-19C6-4734-B116-DD805CA837F6}.Debug|Any CPU.Build.0 = Debug|Any CPU
		{811B4C06-19C6-4734-B116-DD805CA837F6}.Release|Any CPU.ActiveCfg = Release|Any CPU
		{811B4C06-19C6-4734-B116-DD805CA837F6}.Release|Any CPU.Build.0 = Release|Any CPU
	EndGlobalSection
	GlobalSection(SolutionProperties) = preSolution
		HideSolutionNode = FALSE
	EndGlobalSection
	GlobalSection(ExtensibilityGlobals) = postSolution
		SolutionGuid = {F19D9D30-610C-4941-B675-A0F1F6116770}
	EndGlobalSection
EndGlobal
